
Microsoft Visual Studio Solution File, Format Version 11.00
# Visual Studio 2010
Project("{FAE04EC0-301F-11D3-BF4B-00C04F79EFBC}") = "Uniject", "Uniject\Uniject.csproj", "{C85AE4D3-4097-4336-A7FF-B2F286103C34}"
EndProject
Project("{FAE04EC0-301F-11D3-BF4B-00C04F79EFBC}") = "Uniject.Unity", "Uniject.Unity\Uniject.Unity.csproj", "{94F2BFB1-C7C7-4A0E-954F-B46E8DCE66DD}"
EndProject
Global
	GlobalSection(SolutionConfigurationPlatforms) = preSolution
		Debug|Any CPU = Debug|Any CPU
	EndGlobalSection
	GlobalSection(ProjectConfigurationPlatforms) = postSolution
		{94F2BFB1-C7C7-4A0E-954F-B46E8DCE66DD}.Debug|Any CPU.ActiveCfg = Debug|Any CPU
		{94F2BFB1-C7C7-4A0E-954F-B46E8DCE66DD}.Debug|Any CPU.Build.0 = Debug|Any CPU
		{C85AE4D3-4097-4336-A7FF-B2F286103C34}.Debug|Any CPU.ActiveCfg = Debug|Any CPU
		{C85AE4D3-4097-4336-A7FF-B2F286103C34}.Debug|Any CPU.Build.0 = Debug|Any CPU
	EndGlobalSection
	GlobalSection(MonoDevelopProperties) = preSolution
		StartupItem = Uniject\Uniject.csproj
	EndGlobalSection
EndGlobal
